
Microsoft Visual Studio Solution File, Format Version 12.00
# Visual Studio 15
VisualStudioVersion = 15.0.28307.421
MinimumVisualStudioVersion = 10.0.40219.1
Project("{FAE04EC0-301F-11D3-BF4B-00C04F79EFBC}") = "SMAUG", "SMAUG\SMAUG.csproj", "{300FAFB6-384C-4F81-9B2B-E37E96038C46}"
EndProject
Global
	GlobalSection(SolutionConfigurationPlatforms) = preSolution
		Debug|Any CPU = Debug|Any CPU
		Release|Any CPU = Release|Any CPU
	EndGlobalSection
	GlobalSection(ProjectConfigurationPlatforms) = postSolution
		{300FAFB6-384C-4F81-9B2B-E37E96038C46}.Debug|Any CPU.ActiveCfg = Debug|Any CPU
		{300FAFB6-384C-4F81-9B2B-E37E96038C46}.Debug|Any CPU.Build.0 = Debug|Any CPU
		{300FAFB6-384C-4F81-9B2B-E37E96038C46}.Release|Any CPU.ActiveCfg = Release|Any CPU
		{300FAFB6-384C-4F81-9B2B-E37E96038C46}.Release|Any CPU.Build.0 = Release|Any CPU
	EndGlobalSection
	GlobalSection(SolutionProperties) = preSolution
		HideSolutionNode = FALSE
	EndGlobalSection
	GlobalSection(ExtensibilityGlobals) = postSolution
		SolutionGuid = {E2F1385A-9ECA-4A84-9C62-9D02FD7470A7}
	EndGlobalSection
EndGlobal
